
Microsoft Visual Studio Solution File, Format Version 12.00
# Visual Studio Version 17
VisualStudioVersion = 17.8.34330.188
MinimumVisualStudioVersion = 10.0.40219.1
Project("{2150E333-8FDC-42A3-9474-1A3956D46DE8}") = "src", "src", "{01E6EC60-159F-4DB8-A240-4B82AD5B5445}"
EndProject
Project("{2150E333-8FDC-42A3-9474-1A3956D46DE8}") = "test", "test", "{36B0337D-109A-4E84-BA49-DC48ADEE66E4}"
EndProject
Project("{2150E333-8FDC-42A3-9474-1A3956D46DE8}") = "Unit", "Unit", "{957041EB-5E66-4F3C-AE0C-856D0CC84569}"
EndProject
Project("{9A19103F-16F7-4668-BE54-9A1E7A4F7556}") = "Domain.UnitTest", "Test\Unit\Domain.UnitTest\Domain.UnitTest.csproj", "{6619C86D-E48D-4D3F-A32E-825A6044134F}"
EndProject
Project("{9A19103F-16F7-4668-BE54-9A1E7A4F7556}") = "Domain", "src\Domain\Domain.csproj", "{F4DA7DEE-072D-41B4-BCE1-43BD9D209895}"
EndProject
Project("{9A19103F-16F7-4668-BE54-9A1E7A4F7556}") = "Application", "src\Application\Application.csproj", "{4FE4B359-8845-4578-A44C-FF7C87EEE609}"
EndProject
Project("{9A19103F-16F7-4668-BE54-9A1E7A4F7556}") = "Application.UnitTest", "Test\Unit\Application.UnitTest\Application.UnitTest.csproj", "{7CAD9787-C28D-4469-9DEF-1DA75B0C89D8}"
EndProject
Project("{9A19103F-16F7-4668-BE54-9A1E7A4F7556}") = "Infrastructure", "src\Infrastructure\Infrastructure.csproj", "{C9C51309-8604-439B-9C90-D0F05071BB32}"
EndProject
Project("{2150E333-8FDC-42A3-9474-1A3956D46DE8}") = "Integration", "Integration", "{3BBC5C8E-34BD-4F45-BB42-A8EF7D1A27F5}"
EndProject
Project("{9A19103F-16F7-4668-BE54-9A1E7A4F7556}") = "Infrastructure.Integrationtest", "Test\Integration\TestProject1\Infrastructure.Integrationtest.csproj", "{277BA2FD-DC3C-43E7-9632-32739679DB86}"
EndProject
Project("{FAE04EC0-301F-11D3-BF4B-00C04F79EFBC}") = "API", "src\API\API.csproj", "{C90B9E9A-568E-4E52-8839-5F506FD75674}"
EndProject
Global
	GlobalSection(SolutionConfigurationPlatforms) = preSolution
		Debug|Any CPU = Debug|Any CPU
		Release|Any CPU = Release|Any CPU
	EndGlobalSection
	GlobalSection(ProjectConfigurationPlatforms) = postSolution
		{6619C86D-E48D-4D3F-A32E-825A6044134F}.Debug|Any CPU.ActiveCfg = Debug|Any CPU
		{6619C86D-E48D-4D3F-A32E-825A6044134F}.Debug|Any CPU.Build.0 = Debug|Any CPU
		{6619C86D-E48D-4D3F-A32E-825A6044134F}.Release|Any CPU.ActiveCfg = Release|Any CPU
		{6619C86D-E48D-4D3F-A32E-825A6044134F}.Release|Any CPU.Build.0 = Release|Any CPU
		{F4DA7DEE-072D-41B4-BCE1-43BD9D209895}.Debug|Any CPU.ActiveCfg = Debug|Any CPU
		{F4DA7DEE-072D-41B4-BCE1-43BD9D209895}.Debug|Any CPU.Build.0 = Debug|Any CPU
		{F4DA7DEE-072D-41B4-BCE1-43BD9D209895}.Release|Any CPU.ActiveCfg = Release|Any CPU
		{F4DA7DEE-072D-41B4-BCE1-43BD9D209895}.Release|Any CPU.Build.0 = Release|Any CPU
		{4FE4B359-8845-4578-A44C-FF7C87EEE609}.Debug|Any CPU.ActiveCfg = Debug|Any CPU
		{4FE4B359-8845-4578-A44C-FF7C87EEE609}.Debug|Any CPU.Build.0 = Debug|Any CPU
		{4FE4B359-8845-4578-A44C-FF7C87EEE609}.Release|Any CPU.ActiveCfg = Release|Any CPU
		{4FE4B359-8845-4578-A44C-FF7C87EEE609}.Release|Any CPU.Build.0 = Release|Any CPU
		{7CAD9787-C28D-4469-9DEF-1DA75B0C89D8}.Debug|Any CPU.ActiveCfg = Debug|Any CPU
		{7CAD9787-C28D-4469-9DEF-1DA75B0C89D8}.Debug|Any CPU.Build.0 = Debug|Any CPU
		{7CAD9787-C28D-4469-9DEF-1DA75B0C89D8}.Release|Any CPU.ActiveCfg = Release|Any CPU
		{7CAD9787-C28D-4469-9DEF-1DA75B0C89D8}.Release|Any CPU.Build.0 = Release|Any CPU
		{C9C51309-8604-439B-9C90-D0F05071BB32}.Debug|Any CPU.ActiveCfg = Debug|Any CPU
		{C9C51309-8604-439B-9C90-D0F05071BB32}.Debug|Any CPU.Build.0 = Debug|Any CPU
		{C9C51309-8604-439B-9C90-D0F05071BB32}.Release|Any CPU.ActiveCfg = Release|Any CPU
		{C9C51309-8604-439B-9C90-D0F05071BB32}.Release|Any CPU.Build.0 = Release|Any CPU
		{277BA2FD-DC3C-43E7-9632-32739679DB86}.Debug|Any CPU.ActiveCfg = Debug|Any CPU
		{277BA2FD-DC3C-43E7-9632-32739679DB86}.Debug|Any CPU.Build.0 = Debug|Any CPU
		{277BA2FD-DC3C-43E7-9632-32739679DB86}.Release|Any CPU.ActiveCfg = Release|Any CPU
		{277BA2FD-DC3C-43E7-9632-32739679DB86}.Release|Any CPU.Build.0 = Release|Any CPU
		{C90B9E9A-568E-4E52-8839-5F506FD75674}.Debug|Any CPU.ActiveCfg = Debug|Any CPU
		{C90B9E9A-568E-4E52-8839-5F506FD75674}.Debug|Any CPU.Build.0 = Debug|Any CPU
		{C90B9E9A-568E-4E52-8839-5F506FD75674}.Release|Any CPU.ActiveCfg = Release|Any CPU
		{C90B9E9A-568E-4E52-8839-5F506FD75674}.Release|Any CPU.Build.0 = Release|Any CPU
	EndGlobalSection
	GlobalSection(SolutionProperties) = preSolution
		HideSolutionNode = FALSE
	EndGlobalSection
	GlobalSection(NestedProjects) = preSolution
		{957041EB-5E66-4F3C-AE0C-856D0CC84569} = {36B0337D-109A-4E84-BA49-DC48ADEE66E4}
		{6619C86D-E48D-4D3F-A32E-825A6044134F} = {957041EB-5E66-4F3C-AE0C-856D0CC84569}
		{F4DA7DEE-072D-41B4-BCE1-43BD9D209895} = {01E6EC60-159F-4DB8-A240-4B82AD5B5445}
		{4FE4B359-8845-4578-A44C-FF7C87EEE609} = {01E6EC60-159F-4DB8-A240-4B82AD5B5445}
		{7CAD9787-C28D-4469-9DEF-1DA75B0C89D8} = {957041EB-5E66-4F3C-AE0C-856D0CC84569}
		{C9C51309-8604-439B-9C90-D0F05071BB32} = {01E6EC60-159F-4DB8-A240-4B82AD5B5445}
		{3BBC5C8E-34BD-4F45-BB42-A8EF7D1A27F5} = {36B0337D-109A-4E84-BA49-DC48ADEE66E4}
		{277BA2FD-DC3C-43E7-9632-32739679DB86} = {3BBC5C8E-34BD-4F45-BB42-A8EF7D1A27F5}
		{C90B9E9A-568E-4E52-8839-5F506FD75674} = {01E6EC60-159F-4DB8-A240-4B82AD5B5445}
	EndGlobalSection
	GlobalSection(ExtensibilityGlobals) = postSolution
		SolutionGuid = {6AA2562E-F5F5-4880-ACCE-7F54FE644CE8}
	EndGlobalSection
EndGlobal
